
Microsoft Visual Studio Solution File, Format Version 12.00
# Visual Studio Version 16
VisualStudioVersion = 16.0.28803.352
MinimumVisualStudioVersion = 10.0.40219.1
Project("{FAE04EC0-301F-11D3-BF4B-00C04F79EFBC}") = "WorkingWithPointers", "WorkingWithPointers\WorkingWithPointers.csproj", "{3DAE9363-2538-45A5-9C6B-DDA019A1D549}"
EndProject
Project("{FAE04EC0-301F-11D3-BF4B-00C04F79EFBC}") = "ShallowVsDeepCopy", "ShallowVsDeepCopy\ShallowVsDeepCopy.csproj", "{3C5F74BB-7D55-4FF2-B969-8EE8D3E4052C}"
EndProject
Project("{FAE04EC0-301F-11D3-BF4B-00C04F79EFBC}") = "GarbageCollector", "GarbageCollector\GarbageCollector.csproj", "{BAA9636C-DC40-46DE-A400-D52BD18426F9}"
EndProject
Project("{FAE04EC0-301F-11D3-BF4B-00C04F79EFBC}") = "GarbageGenerations", "GarbageGenerations\GarbageGenerations.csproj", "{BF391427-A4C9-4E16-8E06-231C38B943D0}"
EndProject
Project("{FAE04EC0-301F-11D3-BF4B-00C04F79EFBC}") = "MemoryLeak", "..\MemoryLeak\MemoryLeak.csproj", "{F4C411E7-B320-41F3-9203-DEE3E7A2128D}"
EndProject
Global
	GlobalSection(SolutionConfigurationPlatforms) = preSolution
		Debug|Any CPU = Debug|Any CPU
		Release|Any CPU = Release|Any CPU
	EndGlobalSection
	GlobalSection(ProjectConfigurationPlatforms) = postSolution
		{3DAE9363-2538-45A5-9C6B-DDA019A1D549}.Debug|Any CPU.ActiveCfg = Debug|Any CPU
		{3DAE9363-2538-45A5-9C6B-DDA019A1D549}.Debug|Any CPU.Build.0 = Debug|Any CPU
		{3DAE9363-2538-45A5-9C6B-DDA019A1D549}.Release|Any CPU.ActiveCfg = Release|Any CPU
		{3DAE9363-2538-45A5-9C6B-DDA019A1D549}.Release|Any CPU.Build.0 = Release|Any CPU
		{3C5F74BB-7D55-4FF2-B969-8EE8D3E4052C}.Debug|Any CPU.ActiveCfg = Debug|Any CPU
		{3C5F74BB-7D55-4FF2-B969-8EE8D3E4052C}.Debug|Any CPU.Build.0 = Debug|Any CPU
		{3C5F74BB-7D55-4FF2-B969-8EE8D3E4052C}.Release|Any CPU.ActiveCfg = Release|Any CPU
		{3C5F74BB-7D55-4FF2-B969-8EE8D3E4052C}.Release|Any CPU.Build.0 = Release|Any CPU
		{BAA9636C-DC40-46DE-A400-D52BD18426F9}.Debug|Any CPU.ActiveCfg = Debug|Any CPU
		{BAA9636C-DC40-46DE-A400-D52BD18426F9}.Debug|Any CPU.Build.0 = Debug|Any CPU
		{BAA9636C-DC40-46DE-A400-D52BD18426F9}.Release|Any CPU.ActiveCfg = Release|Any CPU
		{BAA9636C-DC40-46DE-A400-D52BD18426F9}.Release|Any CPU.Build.0 = Release|Any CPU
		{BF391427-A4C9-4E16-8E06-231C38B943D0}.Debug|Any CPU.ActiveCfg = Debug|Any CPU
		{BF391427-A4C9-4E16-8E06-231C38B943D0}.Debug|Any CPU.Build.0 = Debug|Any CPU
		{BF391427-A4C9-4E16-8E06-231C38B943D0}.Release|Any CPU.ActiveCfg = Release|Any CPU
		{BF391427-A4C9-4E16-8E06-231C38B943D0}.Release|Any CPU.Build.0 = Release|Any CPU
		{F4C411E7-B320-41F3-9203-DEE3E7A2128D}.Debug|Any CPU.ActiveCfg = Debug|Any CPU
		{F4C411E7-B320-41F3-9203-DEE3E7A2128D}.Debug|Any CPU.Build.0 = Debug|Any CPU
		{F4C411E7-B320-41F3-9203-DEE3E7A2128D}.Release|Any CPU.ActiveCfg = Release|Any CPU
		{F4C411E7-B320-41F3-9203-DEE3E7A2128D}.Release|Any CPU.Build.0 = Release|Any CPU
	EndGlobalSection
	GlobalSection(SolutionProperties) = preSolution
		HideSolutionNode = FALSE
	EndGlobalSection
	GlobalSection(ExtensibilityGlobals) = postSolution
		SolutionGuid = {39F61ED3-D5FA-4235-BDD6-7604C9E79FC3}
	EndGlobalSection
EndGlobal
