
Microsoft Visual Studio Solution File, Format Version 12.00
# Visual Studio Version 16
VisualStudioVersion = 16.0.29503.13
MinimumVisualStudioVersion = 10.0.40219.1
Project("{FAE04EC0-301F-11D3-BF4B-00C04F79EFBC}") = "TasksDemo", "TasksDemo\TasksDemo.csproj", "{6ED58A4A-C377-4B43-B2D6-1FB40BD361E5}"
EndProject
Project("{FAE04EC0-301F-11D3-BF4B-00C04F79EFBC}") = "AsyncAwait", "AsyncAwait\AsyncAwait.csproj", "{19F8E4D1-1390-455B-83CB-C1C40ED83FCB}"
EndProject
Project("{FAE04EC0-301F-11D3-BF4B-00C04F79EFBC}") = "StateMachine", "StateMachine\StateMachine.csproj", "{DDF9D0BA-1C2C-4C7F-9E14-24C7280D13F6}"
EndProject
Global
	GlobalSection(SolutionConfigurationPlatforms) = preSolution
		Debug|Any CPU = Debug|Any CPU
		Release|Any CPU = Release|Any CPU
	EndGlobalSection
	GlobalSection(ProjectConfigurationPlatforms) = postSolution
		{6ED58A4A-C377-4B43-B2D6-1FB40BD361E5}.Debug|Any CPU.ActiveCfg = Debug|Any CPU
		{6ED58A4A-C377-4B43-B2D6-1FB40BD361E5}.Debug|Any CPU.Build.0 = Debug|Any CPU
		{6ED58A4A-C377-4B43-B2D6-1FB40BD361E5}.Release|Any CPU.ActiveCfg = Release|Any CPU
		{6ED58A4A-C377-4B43-B2D6-1FB40BD361E5}.Release|Any CPU.Build.0 = Release|Any CPU
		{19F8E4D1-1390-455B-83CB-C1C40ED83FCB}.Debug|Any CPU.ActiveCfg = Debug|Any CPU
		{19F8E4D1-1390-455B-83CB-C1C40ED83FCB}.Debug|Any CPU.Build.0 = Debug|Any CPU
		{19F8E4D1-1390-455B-83CB-C1C40ED83FCB}.Release|Any CPU.ActiveCfg = Release|Any CPU
		{19F8E4D1-1390-455B-83CB-C1C40ED83FCB}.Release|Any CPU.Build.0 = Release|Any CPU
		{DDF9D0BA-1C2C-4C7F-9E14-24C7280D13F6}.Debug|Any CPU.ActiveCfg = Debug|Any CPU
		{DDF9D0BA-1C2C-4C7F-9E14-24C7280D13F6}.Debug|Any CPU.Build.0 = Debug|Any CPU
		{DDF9D0BA-1C2C-4C7F-9E14-24C7280D13F6}.Release|Any CPU.ActiveCfg = Release|Any CPU
		{DDF9D0BA-1C2C-4C7F-9E14-24C7280D13F6}.Release|Any CPU.Build.0 = Release|Any CPU
	EndGlobalSection
	GlobalSection(SolutionProperties) = preSolution
		HideSolutionNode = FALSE
	EndGlobalSection
	GlobalSection(ExtensibilityGlobals) = postSolution
		SolutionGuid = {5855C6C0-D419-4B59-801C-95EE38B845AD}
	EndGlobalSection
EndGlobal
